
Microsoft Visual Studio Solution File, Format Version 12.00
# Visual Studio Version 17
VisualStudioVersion = 17.1.32421.90
MinimumVisualStudioVersion = 10.0.40219.1
Project("{FAE04EC0-301F-11D3-BF4B-00C04F79EFBC}") = "boyatakip", "boyatakip\boyatakip.csproj", "{B73C964D-82EC-4562-AEFD-33F739A59D8B}"
EndProject
Global
	GlobalSection(SolutionConfigurationPlatforms) = preSolution
		Debug|Any CPU = Debug|Any CPU
		Release|Any CPU = Release|Any CPU
	EndGlobalSection
	GlobalSection(ProjectConfigurationPlatforms) = postSolution
		{B73C964D-82EC-4562-AEFD-33F739A59D8B}.Debug|Any CPU.ActiveCfg = Debug|Any CPU
		{B73C964D-82EC-4562-AEFD-33F739A59D8B}.Debug|Any CPU.Build.0 = Debug|Any CPU
		{B73C964D-82EC-4562-AEFD-33F739A59D8B}.Release|Any CPU.ActiveCfg = Release|Any CPU
		{B73C964D-82EC-4562-AEFD-33F739A59D8B}.Release|Any CPU.Build.0 = Release|Any CPU
	EndGlobalSection
	GlobalSection(SolutionProperties) = preSolution
		HideSolutionNode = FALSE
	EndGlobalSection
	GlobalSection(ExtensibilityGlobals) = postSolution
		SolutionGuid = {2B2BF663-C738-4286-A973-F01D2148AB52}
	EndGlobalSection
EndGlobal
